<?xml version="1.0" encoding="utf-8"?>
<Project ToolsVersion="4.0" xmlns="http://schemas.microsoft.com/developer/msbuild/2003">
  <ItemGroup>
    <Filter Include="Source Files">
      <UniqueIdentifier>{9831508a-bf6e-42af-a842-adf812e96fb1}</UniqueIdentifier>
      <Extensions>cpp;c;cxx;rc;def;r;odl;idl;hpj;bat</Extensions>
    </Filter>
    <Filter Include="Header Files">
      <UniqueIdentifier>{03949a83-e483-4e6d-b48a-ff3f1409aaf2}</UniqueIdentifier>
      <Extensions>h;hpp;hxx;hm;inl</Extensions>
    </Filter>
  </ItemGroup>
  <ItemGroup>
    <ClCompile Include="..\src\widgets\CBitmap.cpp">
      <Filter>Source Files</Filter>
    </ClCompile>
    <ClCompile Include="..\src\devices\CCallback.cpp">
      <Filter>Source Files</Filter>
    </ClCompile>
    <ClCompile Include="..\src\scenegraph\CCamera.cpp">
      <Filter>Source Files</Filter>
    </ClCompile>
    <ClCompile Include="..\src\collisions\CCollisionAABB.cpp">
      <Filter>Source Files</Filter>
    </ClCompile>
    <ClCompile Include="..\src\collisions\CCollisionAABBBox.cpp">
      <Filter>Source Files</Filter>
    </ClCompile>
    <ClCompile Include="..\src\collisions\CCollisionAABBTree.cpp">
      <Filter>Source Files</Filter>
    </ClCompile>
    <ClCompile Include="..\src\collisions\CCollisionBrute.cpp">
      <Filter>Source Files</Filter>
    </ClCompile>
    <ClCompile Include="..\src\collisions\CCollisionSpheres.cpp">
      <Filter>Source Files</Filter>
    </ClCompile>
    <ClCompile Include="..\src\collisions\CCollisionSpheresGeometry.cpp">
      <Filter>Source Files</Filter>
    </ClCompile>
    <ClCompile Include="..\src\graphics\CColor.cpp">
      <Filter>Source Files</Filter>
    </ClCompile>
    <ClCompile Include="..\src\tools\CDelta3dofPointer.cpp">
      <Filter>Source Files</Filter>
    </ClCompile>
    <ClCompile Include="..\src\devices\CDeltaDevices.cpp">
      <Filter>Source Files</Filter>
    </ClCompile>
    <ClCompile Include="..\src\graphics\CDraw3D.cpp">
      <Filter>Source Files</Filter>
    </ClCompile>
    <ClCompile Include="..\src\devices\CDriverSensoray626.cpp">
      <Filter>Source Files</Filter>
    </ClCompile>
    <ClCompile Include="..\src\devices\CDriverServotogo.cpp">
      <Filter>Source Files</Filter>
    </ClCompile>
    <ClCompile Include="..\src\files\CFileLoader3DS.cpp">
      <Filter>Source Files</Filter>
    </ClCompile>
    <ClCompile Include="..\src\files\CFileLoaderBMP.cpp">
      <Filter>Source Files</Filter>
    </ClCompile>
    <ClCompile Include="..\src\files\CFileLoaderOBJ.cpp">
      <Filter>Source Files</Filter>
    </ClCompile>
    <ClCompile Include="..\src\files\CFileLoaderTGA.cpp">
      <Filter>Source Files</Filter>
    </ClCompile>
    <ClCompile Include="..\src\widgets\CFont.cpp">
      <Filter>Source Files</Filter>
    </ClCompile>
    <ClCompile Include="..\src\tools\CFreedom6S3dofPointer.cpp">
      <Filter>Source Files</Filter>
    </ClCompile>
    <ClCompile Include="..\src\devices\CFreedom6SDevice.cpp">
      <Filter>Source Files</Filter>
    </ClCompile>
    <ClCompile Include="..\src\tools\CGeneric3dofPointer.cpp">
      <Filter>Source Files</Filter>
    </ClCompile>
    <ClCompile Include="..\src\collisions\CGenericCollision.cpp">
      <Filter>Source Files</Filter>
    </ClCompile>
    <ClCompile Include="..\src\devices\CGenericDevice.cpp">
      <Filter>Source Files</Filter>
    </ClCompile>
    <ClCompile Include="..\src\scenegraph\CGenericObject.cpp">
      <Filter>Source Files</Filter>
    </ClCompile>
    <ClCompile Include="..\src\forces\CGenericPointForceAlgo.cpp">
      <Filter>Source Files</Filter>
    </ClCompile>
    <ClCompile Include="..\src\scenegraph\CGenericPotentialField.cpp">
      <Filter>Source Files</Filter>
    </ClCompile>
    <ClCompile Include="..\src\tools\CGenericTool.cpp">
      <Filter>Source Files</Filter>
    </ClCompile>
    <ClCompile Include="..\src\files\CImageLoader.cpp">
      <Filter>Source Files</Filter>
    </ClCompile>
    <ClCompile Include="..\src\widgets\CLabelPanel.cpp">
      <Filter>Source Files</Filter>
    </ClCompile>
    <ClCompile Include="..\src\scenegraph\CLight.cpp">
      <Filter>Source Files</Filter>
    </ClCompile>
    <ClCompile Include="..\src\graphics\CMacrosGL.cpp">
      <Filter>Source Files</Filter>
    </ClCompile>
    <ClCompile Include="..\src\graphics\CMaterial.cpp">
      <Filter>Source Files</Filter>
    </ClCompile>
    <ClCompile Include="..\src\math\CMaths.cpp">
      <Filter>Source Files</Filter>
    </ClCompile>
    <ClCompile Include="..\src\math\CMatrix3d.cpp">
      <Filter>Source Files</Filter>
    </ClCompile>
    <ClCompile Include="..\src\scenegraph\CMesh.cpp">
      <Filter>Source Files</Filter>
    </ClCompile>
    <ClCompile Include="..\src\files\CMeshLoader.cpp">
      <Filter>Source Files</Filter>
    </ClCompile>
    <ClCompile Include="..\src\tools\CMeta3dofPointer.cpp">
      <Filter>Source Files</Filter>
    </ClCompile>
    <ClCompile Include="..\src\widgets\CPanel.cpp">
      <Filter>Source Files</Filter>
    </ClCompile>
    <ClCompile Include="..\src\tools\CPhantom3dofPointer.cpp">
      <Filter>Source Files</Filter>
    </ClCompile>
    <ClCompile Include="..\src\devices\CPhantomDevices.cpp">
      <Filter>Source Files</Filter>
    </ClCompile>
    <ClCompile Include="..\src\forces\CPotentialFieldForceAlgo.cpp">
      <Filter>Source Files</Filter>
    </ClCompile>
    <ClCompile Include="..\src\timers\CPrecisionClock.cpp">
      <Filter>Source Files</Filter>
    </ClCompile>
    <ClCompile Include="..\src\timers\CPrecisionTimer.cpp">
      <Filter>Source Files</Filter>
    </ClCompile>
    <ClCompile Include="..\src\forces\CProxyPointForceAlgo.cpp">
      <Filter>Source Files</Filter>
    </ClCompile>
    <ClCompile Include="..\src\graphics\CShaders.cpp">
      <Filter>Source Files</Filter>
    </ClCompile>
    <ClCompile Include="..\src\scenegraph\CShapeSphere.cpp">
      <Filter>Source Files</Filter>
    </ClCompile>
    <ClCompile Include="..\src\scenegraph\CShapeTorus.cpp">
      <Filter>Source Files</Filter>
    </ClCompile>
    <ClCompile Include="..\src\math\CString.cpp">
      <Filter>Source Files</Filter>
    </ClCompile>
    <ClCompile Include="..\src\graphics\CTexture2D.cpp">
      <Filter>Source Files</Filter>
    </ClCompile>
    <ClCompile Include="..\src\graphics\CTriangle.cpp">
      <Filter>Source Files</Filter>
    </ClCompile>
    <ClCompile Include="..\src\scenegraph\CVBOMesh.cpp">
      <Filter>Source Files</Filter>
    </ClCompile>
    <ClCompile Include="..\src\math\CVector3d.cpp">
      <Filter>Source Files</Filter>
    </ClCompile>
    <ClCompile Include="..\src\graphics\CVertex.cpp">
      <Filter>Source Files</Filter>
    </ClCompile>
    <ClCompile Include="..\src\display\CViewport.cpp">
      <Filter>Source Files</Filter>
    </ClCompile>
    <ClCompile Include="..\src\devices\CVirtualDevice.cpp">
      <Filter>Source Files</Filter>
    </ClCompile>
    <ClCompile Include="..\src\scenegraph\CWorld.cpp">
      <Filter>Source Files</Filter>
    </ClCompile>
    <ClCompile Include="..\src\devices\PhantomDriver.cpp">
      <Filter>Source Files</Filter>
    </ClCompile>
    <ClCompile Include="..\src\devices\Win626.c">
      <Filter>Source Files</Filter>
    </ClCompile>
  </ItemGroup>
  <ItemGroup>
    <ClInclude Include="..\src\devices\App626.h">
      <Filter>Header Files</Filter>
    </ClInclude>
    <ClInclude Include="..\src\widgets\CBitmap.h">
      <Filter>Header Files</Filter>
    </ClInclude>
    <ClInclude Include="..\src\devices\CCallback.h">
      <Filter>Header Files</Filter>
    </ClInclude>
    <ClInclude Include="..\src\scenegraph\CCamera.h">
      <Filter>Header Files</Filter>
    </ClInclude>
    <ClInclude Include="..\src\collisions\CCollisionAABB.h">
      <Filter>Header Files</Filter>
    </ClInclude>
    <ClInclude Include="..\src\collisions\CCollisionAABBBox.h">
      <Filter>Header Files</Filter>
    </ClInclude>
    <ClInclude Include="..\src\collisions\CCollisionAABBTree.h">
      <Filter>Header Files</Filter>
    </ClInclude>
    <ClInclude Include="..\src\collisions\CCollisionBrute.h">
      <Filter>Header Files</Filter>
    </ClInclude>
    <ClInclude Include="..\src\collisions\CCollisionSpheres.h">
      <Filter>Header Files</Filter>
    </ClInclude>
    <ClInclude Include="..\src\collisions\CCollisionSpheresGeometry.h">
      <Filter>Header Files</Filter>
    </ClInclude>
    <ClInclude Include="..\src\graphics\CColor.h">
      <Filter>Header Files</Filter>
    </ClInclude>
    <ClInclude Include="..\src\math\CConstants.h">
      <Filter>Header Files</Filter>
    </ClInclude>
    <ClInclude Include="..\src\tools\CDelta3dofPointer.h">
      <Filter>Header Files</Filter>
    </ClInclude>
    <ClInclude Include="..\src\devices\CDeltaDevices.h">
      <Filter>Header Files</Filter>
    </ClInclude>
    <ClInclude Include="..\src\graphics\CDraw3D.h">
      <Filter>Header Files</Filter>
    </ClInclude>
    <ClInclude Include="..\src\devices\CDriverSensoray626.h">
      <Filter>Header Files</Filter>
    </ClInclude>
    <ClInclude Include="..\src\devices\CDriverServotogo.h">
      <Filter>Header Files</Filter>
    </ClInclude>
    <ClInclude Include="..\src\files\CFileLoader3DS.h">
      <Filter>Header Files</Filter>
    </ClInclude>
    <ClInclude Include="..\src\files\CFileLoaderBMP.h">
      <Filter>Header Files</Filter>
    </ClInclude>
    <ClInclude Include="..\src\files\CFileLoaderOBJ.h">
      <Filter>Header Files</Filter>
    </ClInclude>
    <ClInclude Include="..\src\files\CFileLoaderTGA.h">
      <Filter>Header Files</Filter>
    </ClInclude>
    <ClInclude Include="..\src\widgets\CFont.h">
      <Filter>Header Files</Filter>
    </ClInclude>
    <ClInclude Include="..\src\tools\CFreedom6S3dofPointer.h">
      <Filter>Header Files</Filter>
    </ClInclude>
    <ClInclude Include="..\src\devices\CFreedom6SDevice.h">
      <Filter>Header Files</Filter>
    </ClInclude>
    <ClInclude Include="..\src\tools\CGeneric3dofPointer.h">
      <Filter>Header Files</Filter>
    </ClInclude>
    <ClInclude Include="..\src\collisions\CGenericCollision.h">
      <Filter>Header Files</Filter>
    </ClInclude>
    <ClInclude Include="..\src\devices\CGenericDevice.h">
      <Filter>Header Files</Filter>
    </ClInclude>
    <ClInclude Include="..\src\scenegraph\CGenericObject.h">
      <Filter>Header Files</Filter>
    </ClInclude>
    <ClInclude Include="..\src\forces\CGenericPointForceAlgo.h">
      <Filter>Header Files</Filter>
    </ClInclude>
    <ClInclude Include="..\src\scenegraph\CGenericPotentialField.h">
      <Filter>Header Files</Filter>
    </ClInclude>
    <ClInclude Include="..\src\tools\CGenericTool.h">
      <Filter>Header Files</Filter>
    </ClInclude>
    <ClInclude Include="..\src\graphics\chai_globals.h">
      <Filter>Header Files</Filter>
    </ClInclude>
    <ClInclude Include="..\src\files\CImageLoader.h">
      <Filter>Header Files</Filter>
    </ClInclude>
    <ClInclude Include="..\src\widgets\CLabelPanel.h">
      <Filter>Header Files</Filter>
    </ClInclude>
    <ClInclude Include="..\src\scenegraph\CLight.h">
      <Filter>Header Files</Filter>
    </ClInclude>
    <ClInclude Include="..\src\graphics\CMacrosGL.h">
      <Filter>Header Files</Filter>
    </ClInclude>
    <ClInclude Include="..\src\graphics\CMaterial.h">
      <Filter>Header Files</Filter>
    </ClInclude>
    <ClInclude Include="..\src\math\CMaths.h">
      <Filter>Header Files</Filter>
    </ClInclude>
    <ClInclude Include="..\src\math\CMatrix3d.h">
      <Filter>Header Files</Filter>
    </ClInclude>
    <ClInclude Include="..\src\scenegraph\CMesh.h">
      <Filter>Header Files</Filter>
    </ClInclude>
    <ClInclude Include="..\src\files\CMeshLoader.h">
      <Filter>Header Files</Filter>
    </ClInclude>
    <ClInclude Include="..\src\tools\CMeta3dofPointer.h">
      <Filter>Header Files</Filter>
    </ClInclude>
    <ClInclude Include="..\src\widgets\CPanel.h">
      <Filter>Header Files</Filter>
    </ClInclude>
    <ClInclude Include="..\src\tools\CPhantom3dofPointer.h">
      <Filter>Header Files</Filter>
    </ClInclude>
    <ClInclude Include="..\src\devices\CPhantomDevices.h">
      <Filter>Header Files</Filter>
    </ClInclude>
    <ClInclude Include="..\src\forces\CPotentialFieldForceAlgo.h">
      <Filter>Header Files</Filter>
    </ClInclude>
    <ClInclude Include="..\src\timers\CPrecisionClock.h">
      <Filter>Header Files</Filter>
    </ClInclude>
    <ClInclude Include="..\src\timers\CPrecisionTimer.h">
      <Filter>Header Files</Filter>
    </ClInclude>
    <ClInclude Include="..\src\forces\CProxyPointForceAlgo.h">
      <Filter>Header Files</Filter>
    </ClInclude>
    <ClInclude Include="..\src\graphics\CShaders.h">
      <Filter>Header Files</Filter>
    </ClInclude>
    <ClInclude Include="..\src\scenegraph\CShapeSphere.h">
      <Filter>Header Files</Filter>
    </ClInclude>
    <ClInclude Include="..\src\scenegraph\CShapeTorus.h">
      <Filter>Header Files</Filter>
    </ClInclude>
    <ClInclude Include="..\src\math\CString.h">
      <Filter>Header Files</Filter>
    </ClInclude>
    <ClInclude Include="..\src\graphics\CTexture2D.h">
      <Filter>Header Files</Filter>
    </ClInclude>
    <ClInclude Include="..\src\graphics\CTriangle.h">
      <Filter>Header Files</Filter>
    </ClInclude>
    <ClInclude Include="..\src\scenegraph\CVBOMesh.h">
      <Filter>Header Files</Filter>
    </ClInclude>
    <ClInclude Include="..\src\math\CVector3d.h">
      <Filter>Header Files</Filter>
    </ClInclude>
    <ClInclude Include="..\src\graphics\CVertex.h">
      <Filter>Header Files</Filter>
    </ClInclude>
    <ClInclude Include="..\src\display\CViewport.h">
      <Filter>Header Files</Filter>
    </ClInclude>
    <ClInclude Include="..\src\devices\CVirtualDevice.h">
      <Filter>Header Files</Filter>
    </ClInclude>
    <ClInclude Include="..\src\scenegraph\CWorld.h">
      <Filter>Header Files</Filter>
    </ClInclude>
    <ClInclude Include="..\src\devices\Dlportio.h">
      <Filter>Header Files</Filter>
    </ClInclude>
    <ClInclude Include="..\src\graphics\glext.h">
      <Filter>Header Files</Filter>
    </ClInclude>
    <ClInclude Include="..\src\devices\PhantomDriver.h">
      <Filter>Header Files</Filter>
    </ClInclude>
    <ClInclude Include="..\src\devices\Win626.h">
      <Filter>Header Files</Filter>
    </ClInclude>
  </ItemGroup>
</Project>