Microsoft Visual Studio Solution File, Format Version 8.00
Project("{8BC9CEB8-8B4A-11D0-8D11-00A0C91BC942}") = "mesh_mesh_collisions", "mesh_mesh_collisions.vcproj", "{D291FCA6-659E-4B80-B732-27B7359D5297}"
	ProjectSection(ProjectDependencies) = postProject
	EndProjectSection
EndProject
Global
	GlobalSection(SolutionConfiguration) = preSolution
		Debug = Debug
		Release = Release
	EndGlobalSection
	GlobalSection(ProjectConfiguration) = postSolution
		{D291FCA6-659E-4B80-B732-27B7359D5297}.Debug.ActiveCfg = Debug|Win32
		{D291FCA6-659E-4B80-B732-27B7359D5297}.Debug.Build.0 = Debug|Win32
		{D291FCA6-659E-4B80-B732-27B7359D5297}.Release.ActiveCfg = Release|Win32
		{D291FCA6-659E-4B80-B732-27B7359D5297}.Release.Build.0 = Release|Win32
	EndGlobalSection
	GlobalSection(ExtensibilityGlobals) = postSolution
	EndGlobalSection
	GlobalSection(ExtensibilityAddIns) = postSolution
	EndGlobalSection
EndGlobal
